# This file is autogenerated, do not edit; changes may be undone by the next 'dep ensure'.


[[projects]]
  digest = "1:1e5fc6a7575a9e5604f45760746d2e26a97f13e9352dfd6e9716775d4bab38b6"
  name = "git.fd.io/govpp.git"
  packages = [
    "adapter",
    "adapter/socketclient",
    "api",
    "codec",
    "core",
    "examples/binapi/memclnt",
  ]
  pruneopts = "NUT"
  revision = "b1006dced4cc0c23d9dc754e97d89500aeb55170"
  version = "v0.1.0"

[[projects]]
  branch = "master"
  digest = "1:0949f413164cc413971d4deb864feca18cf06b808c84667d5c39e98251eb6d2b"
  name = "github.com/FDio/govpp"
  packages = ["."]
  pruneopts = "T"
  revision = "4dca07c803308611275f78b490ac0352c1052fe2"

[[projects]]
  digest = "1:2be791e7b333ff7c06f8fb3dc18a7d70580e9399dbdffd352621d067ff260b6e"
  name = "github.com/Microsoft/go-winio"
  packages = ["."]
  pruneopts = "NUT"
  revision = "1a8911d1ed007260465c3bfbbc785ac6915a0bb8"
  version = "v0.4.12"

[[projects]]
  digest = "1:a12d94258c5298ead75e142e8001224bf029f302fed9e96cd39c0eaf90f3954d"
  name = "github.com/boltdb/bolt"
  packages = ["."]
  pruneopts = "NUT"
  revision = "2f1ce7a837dcb8da3ec595b1dac9d0632f0f99e8"
  version = "v1.3.1"

[[projects]]
  digest = "1:5155f7153c694dc8e2efd74d799a27fd54e65778fa3f0c3e17626df724857db9"
  name = "github.com/coreos/go-systemd"
  packages = ["activation"]
  pruneopts = "NUT"
  revision = "e64a0ec8b42a61e2a9801dc1d0abe539dea79197"
  version = "v20"

[[projects]]
  digest = "1:ffe9824d294da03b391f44e1ae8281281b4afc1bdaa9588c9097785e3af10cec"
  name = "github.com/davecgh/go-spew"
  packages = ["spew"]
  pruneopts = "NUT"
  revision = "8991bc29aa16c548c550c7ff78260e27b9ab7c73"
  version = "v1.1.1"

[[projects]]
  branch = "master"
  digest = "1:efa38e51b566f9291dbaf13272c442345d63a7454eb25fed2835152cd782abee"
  name = "github.com/docker/docker"
  packages = [
    "pkg/ioutils",
    "pkg/longpath",
    "pkg/plugins",
    "pkg/plugins/transport",
  ]
  pruneopts = "NUT"
  revision = "ffabf0d542f16b9fc6a69f096312656dd190d590"

[[projects]]
  digest = "1:fa48577bef2273772c34dbb94ce515b1bf2c4c9ca532d8ab541da423599bec94"
  name = "github.com/docker/go-connections"
  packages = [
    "sockets",
    "tlsconfig",
  ]
  pruneopts = "NUT"
  revision = "7395e3f8aa162843a74ed6d48e79627d9792ac55"
  version = "v0.4.0"

[[projects]]
  branch = "master"
  digest = "1:88ce0a74afdc84e0ed0951d95a1292cfc54f1de49350870cda09730fe6cedcf7"
  name = "github.com/docker/go-plugins-helpers"
  packages = [
    "network",
    "sdk",
  ]
  pruneopts = "NUT"
  revision = "1e6269c305b8c75cfda1c8aa91349c38d7335814"

[[projects]]
  digest = "1:f746d8e02419c492ec284c7badcc73f7146f14e2df119e8e5d5b1a376c6d82c3"
  name = "github.com/docker/libkv"
  packages = [
    ".",
    "store",
    "store/boltdb",
  ]
  pruneopts = "NUT"
  revision = "aabc039ad04deb721e234f99cd1b4aa28ac71a40"
  version = "v0.2.1"

[[projects]]
  digest = "1:275a6fde6061ac480f29d46ba8e25da8da6f8bbed5e7284427c1379fc2faaf66"
  name = "github.com/docker/libnetwork"
  packages = ["netlabel"]
  pruneopts = "NUT"
  revision = "1ee720e18fe98dceda6039bdd005ffbcb359d343"
  version = "v0.5.6"

[[projects]]
  digest = "1:1b91ae0dc69a41d4c2ed23ea5cffb721ea63f5037ca4b81e6d6771fbb8f45129"
  name = "github.com/fsnotify/fsnotify"
  packages = ["."]
  pruneopts = "NUT"
  revision = "c2828203cd70a50dcccfb2761f8b1f8ceef9a8e9"
  version = "v1.4.7"

[[projects]]
  digest = "1:58999a98719fddbac6303cb17e8d85b945f60b72f48e3a2df6b950b97fa926f1"
  name = "github.com/konsorten/go-windows-terminal-sequences"
  packages = ["."]
  pruneopts = "NUT"
  revision = "f55edac94c9bbba5d6182a4be46d86a2c9b5b50e"
  version = "v1.0.2"

[[projects]]
  branch = "master"
  digest = "1:898e6ca45243ca37fd3eace830c3ee8a79d04032a0a46b4ec554b8339866341b"
  name = "github.com/lunixbochs/struc"
  packages = ["."]
  pruneopts = "NUT"
  revision = "a9e4041416c2cd121670f6c3be4b0d523ee49b8a"

[[projects]]
  digest = "1:14715f705ff5dfe0ffd6571d7d201dd8e921030f8070321a79380d8ca4ec1a24"
  name = "github.com/pkg/errors"
  packages = ["."]
  pruneopts = "NUT"
  revision = "ba968bfe8b2f7e042a574c888954fccecfa385b4"
  version = "v0.8.1"

[[projects]]
  digest = "1:0028cb19b2e4c3112225cd871870f2d9cf49b9b4276531f03438a88e94be86fe"
  name = "github.com/pmezard/go-difflib"
  packages = ["difflib"]
  pruneopts = "NUT"
  revision = "792786c7400a136282c1664665ae0a8db921c6c2"
  version = "v1.0.0"

[[projects]]
  digest = "1:f4aaa07a6c33f2b354726d0571acbc8ca118837c75709f6353203ae1a3f8eeab"
  name = "github.com/sirupsen/logrus"
  packages = ["."]
  pruneopts = "NUT"
  revision = "839c75faf7f98a33d445d181f3018b5c3409a45e"
  version = "v1.4.2"

[[projects]]
  digest = "1:60a46e2410edbf02b419f833372dd1d24d7aa1b916a990a7370e792fada1eadd"
  name = "github.com/stretchr/objx"
  packages = ["."]
  pruneopts = "NUT"
  revision = "477a77ecc69700c7cdeb1fa9e129548e1c1c393c"
  version = "v0.1.1"

[[projects]]
  digest = "1:ee1d3a6f3750629a4b4d2f58355294670b3db0e564fd709944076a6e802ab7bc"
  name = "github.com/stretchr/testify"
  packages = [
    ".",
    "assert",
    "http",
    "mock",
  ]
  pruneopts = "NUT"
  revision = "ffdc059bfe9ce6a4e144ba849dbedead332c6053"
  version = "v1.3.0"

[[projects]]
  digest = "1:936ab0fd3f16edc83131e626594a4f4e75426e5adeb7adbe57ed203db4c1b950"
  name = "github.com/vishvananda/netlink"
  packages = [
    ".",
    "nl",
  ]
  pruneopts = "NUT"
  revision = "a2ad57a690f3caf3015351d2d6e1c0b95c349752"
  version = "v1.0.0"

[[projects]]
  branch = "master"
  digest = "1:ad33f5e23a9fbcdbdf7f8412a035d1f70274691345890289dd390359e574c017"
  name = "github.com/vishvananda/netns"
  packages = ["."]
  pruneopts = "NUT"
  revision = "7109fa855b0ff1ebef7fbd2f6aa613e8db7cfbc0"

[[projects]]
  branch = "master"
  digest = "1:3e0062766e6b0bcfe1ba1ed1d3f08a8e1e99cd5831426e2596dc9537d28f2adb"
  name = "golang.org/x/net"
  packages = [
    "internal/socks",
    "proxy",
  ]
  pruneopts = "NUT"
  revision = "da137c7871d730100384dbcf36e6f8fa493aef5b"

[[projects]]
  branch = "master"
  digest = "1:5f0606c755c423ee9970d55028e0ee09df03e33297a39d6b83c2502dc9a2193f"
  name = "golang.org/x/sys"
  packages = [
    "unix",
    "windows",
  ]
  pruneopts = "NUT"
  revision = "fae7ac547cb717d141c433a2a173315e216b64c4"

[solve-meta]
  analyzer-name = "dep"
  analyzer-version = 1
  input-imports = [
    "git.fd.io/govpp.git/api",
    "git.fd.io/govpp.git/core",
    "github.com/FDio/govpp",
    "github.com/docker/docker/pkg/plugins",
    "github.com/docker/go-plugins-helpers/network",
    "github.com/docker/libkv",
    "github.com/docker/libkv/store",
    "github.com/docker/libkv/store/boltdb",
    "github.com/docker/libnetwork/netlabel",
    "github.com/pkg/errors",
    "github.com/stretchr/testify",
    "github.com/vishvananda/netlink",
    "github.com/vishvananda/netns",
  ]
  solver-name = "gps-cdcl"
  solver-version = 1
